{
  "originHash" : "5ce113b48c45e6affc53d836b2869fcb1068f7c9aa24e287a15f0c6048f494f6",
  "pins" : [
    {
      "identity" : "facebook-ios-sdk",
      "kind" : "remoteSourceControl",
      "location" : "https://github.com/facebook/facebook-ios-sdk",
      "state" : {
        "revision" : "32da5bdef917ccd845fcf319c5fb67c654459d27",
        "version" : "18.0.2"
      }
    },
    {
      "identity" : "rudder-sdk-swift",
      "kind" : "remoteSourceControl",
      "location" : "https://github.com/rudderlabs/rudder-sdk-swift.git",
      "state" : {
        "revision" : "01fea0d07e79336d3a02acfb0eefa22a7e194497",
        "version" : "1.0.0"
      }
    }
  ],
  "version" : 3
}
